
Microsoft Visual Studio Solution File, Format Version 12.00
# Visual Studio Version 16
VisualStudioVersion = 16.0.31129.286
MinimumVisualStudioVersion = 10.0.40219.1
Project("{FAE04EC0-301F-11D3-BF4B-00C04F79EFBC}") = "04-03-Standalone-Console-From-VisualStudio", "04-03-Standalone-Console-From-VisualStudio.csproj", "{C4F5699E-B337-48D5-9544-104D4A75B14E}"
EndProject
Global
	GlobalSection(SolutionConfigurationPlatforms) = preSolution
		Debug|Any CPU = Debug|Any CPU
		Release|Any CPU = Release|Any CPU
	EndGlobalSection
	GlobalSection(ProjectConfigurationPlatforms) = postSolution
		{C4F5699E-B337-48D5-9544-104D4A75B14E}.Debug|Any CPU.ActiveCfg = Debug|Any CPU
		{C4F5699E-B337-48D5-9544-104D4A75B14E}.Debug|Any CPU.Build.0 = Debug|Any CPU
		{C4F5699E-B337-48D5-9544-104D4A75B14E}.Release|Any CPU.ActiveCfg = Release|Any CPU
		{C4F5699E-B337-48D5-9544-104D4A75B14E}.Release|Any CPU.Build.0 = Release|Any CPU
	EndGlobalSection
	GlobalSection(SolutionProperties) = preSolution
		HideSolutionNode = FALSE
	EndGlobalSection
	GlobalSection(ExtensibilityGlobals) = postSolution
		SolutionGuid = {304D2C91-FAB0-4B47-AB96-7CDDC5E7BF01}
	EndGlobalSection
EndGlobal
